
Microsoft Visual Studio Solution File, Format Version 12.00
# Visual Studio Version 16
VisualStudioVersion = 16.0.30204.135
MinimumVisualStudioVersion = 10.0.40219.1
Project("{FAE04EC0-301F-11D3-BF4B-00C04F79EFBC}") = "Programa", "Programa.csproj", "{ED1F9D93-18E5-416C-BBA4-7C9E850C3627}"
EndProject
Global
	GlobalSection(SolutionConfigurationPlatforms) = preSolution
		Debug|x86 = Debug|x86
		Release|x86 = Release|x86
	EndGlobalSection
	GlobalSection(ProjectConfigurationPlatforms) = postSolution
		{ED1F9D93-18E5-416C-BBA4-7C9E850C3627}.Debug|x86.ActiveCfg = Debug|x86
		{ED1F9D93-18E5-416C-BBA4-7C9E850C3627}.Debug|x86.Build.0 = Debug|x86
		{ED1F9D93-18E5-416C-BBA4-7C9E850C3627}.Release|x86.ActiveCfg = Release|x86
		{ED1F9D93-18E5-416C-BBA4-7C9E850C3627}.Release|x86.Build.0 = Release|x86
	EndGlobalSection
	GlobalSection(SolutionProperties) = preSolution
		HideSolutionNode = FALSE
	EndGlobalSection
	GlobalSection(ExtensibilityGlobals) = postSolution
		SolutionGuid = {8F7E2B90-44E4-479B-9515-338BD01326D4}
	EndGlobalSection
EndGlobal
